
Microsoft Visual Studio Solution File, Format Version 12.00
# Visual Studio 14
VisualStudioVersion = 14.0.23107.0
MinimumVisualStudioVersion = 10.0.40219.1
Project("{FAE04EC0-301F-11D3-BF4B-00C04F79EFBC}") = "MovieJournalAPI", "MovieJournalAPI\MovieJournalAPI.csproj", "{B627CBF0-4627-44B0-9C6E-2398599AB338}"
EndProject
Project("{FAE04EC0-301F-11D3-BF4B-00C04F79EFBC}") = "MovieJournalDAL", "MovieJournalDAL\MovieJournalDAL.csproj", "{166654ED-DCB5-4367-B104-74087AE28B9F}"
EndProject
Project("{FAE04EC0-301F-11D3-BF4B-00C04F79EFBC}") = "MovieJournalDTO", "MovieJournalDTO\MovieJournalDTO.csproj", "{73D632EA-079D-45D7-B952-CE82EAB8C62C}"
EndProject
Project("{FAE04EC0-301F-11D3-BF4B-00C04F79EFBC}") = "MovieJournalTest", "MovieJournalTest\MovieJournalTest.csproj", "{F4E7DAA0-7CDF-480B-9EC0-BB1533621081}"
EndProject
Global
	GlobalSection(SolutionConfigurationPlatforms) = preSolution
		Debug|Any CPU = Debug|Any CPU
		Release|Any CPU = Release|Any CPU
	EndGlobalSection
	GlobalSection(ProjectConfigurationPlatforms) = postSolution
		{B627CBF0-4627-44B0-9C6E-2398599AB338}.Debug|Any CPU.ActiveCfg = Debug|Any CPU
		{B627CBF0-4627-44B0-9C6E-2398599AB338}.Debug|Any CPU.Build.0 = Debug|Any CPU
		{B627CBF0-4627-44B0-9C6E-2398599AB338}.Release|Any CPU.ActiveCfg = Release|Any CPU
		{B627CBF0-4627-44B0-9C6E-2398599AB338}.Release|Any CPU.Build.0 = Release|Any CPU
		{166654ED-DCB5-4367-B104-74087AE28B9F}.Debug|Any CPU.ActiveCfg = Debug|Any CPU
		{166654ED-DCB5-4367-B104-74087AE28B9F}.Debug|Any CPU.Build.0 = Debug|Any CPU
		{166654ED-DCB5-4367-B104-74087AE28B9F}.Release|Any CPU.ActiveCfg = Release|Any CPU
		{166654ED-DCB5-4367-B104-74087AE28B9F}.Release|Any CPU.Build.0 = Release|Any CPU
		{73D632EA-079D-45D7-B952-CE82EAB8C62C}.Debug|Any CPU.ActiveCfg = Debug|Any CPU
		{73D632EA-079D-45D7-B952-CE82EAB8C62C}.Debug|Any CPU.Build.0 = Debug|Any CPU
		{73D632EA-079D-45D7-B952-CE82EAB8C62C}.Release|Any CPU.ActiveCfg = Release|Any CPU
		{73D632EA-079D-45D7-B952-CE82EAB8C62C}.Release|Any CPU.Build.0 = Release|Any CPU
		{F4E7DAA0-7CDF-480B-9EC0-BB1533621081}.Debug|Any CPU.ActiveCfg = Debug|Any CPU
		{F4E7DAA0-7CDF-480B-9EC0-BB1533621081}.Debug|Any CPU.Build.0 = Debug|Any CPU
		{F4E7DAA0-7CDF-480B-9EC0-BB1533621081}.Release|Any CPU.ActiveCfg = Release|Any CPU
		{F4E7DAA0-7CDF-480B-9EC0-BB1533621081}.Release|Any CPU.Build.0 = Release|Any CPU
	EndGlobalSection
	GlobalSection(SolutionProperties) = preSolution
		HideSolutionNode = FALSE
	EndGlobalSection
EndGlobal
